
Microsoft Visual Studio Solution File, Format Version 12.00
# Visual Studio Version 16
VisualStudioVersion = 16.0.30011.22
MinimumVisualStudioVersion = 10.0.40219.1
Project("{FAE04EC0-301F-11D3-BF4B-00C04F79EFBC}") = "COMPX223 D2", "COMPX223 D2.csproj", "{85D02987-2218-4914-993F-8972B4A0A8C7}"
EndProject
Global
	GlobalSection(SolutionConfigurationPlatforms) = preSolution
		Debug|Any CPU = Debug|Any CPU
		Release|Any CPU = Release|Any CPU
	EndGlobalSection
	GlobalSection(ProjectConfigurationPlatforms) = postSolution
		{85D02987-2218-4914-993F-8972B4A0A8C7}.Debug|Any CPU.ActiveCfg = Debug|Any CPU
		{85D02987-2218-4914-993F-8972B4A0A8C7}.Debug|Any CPU.Build.0 = Debug|Any CPU
		{85D02987-2218-4914-993F-8972B4A0A8C7}.Release|Any CPU.ActiveCfg = Release|Any CPU
		{85D02987-2218-4914-993F-8972B4A0A8C7}.Release|Any CPU.Build.0 = Release|Any CPU
	EndGlobalSection
	GlobalSection(SolutionProperties) = preSolution
		HideSolutionNode = FALSE
	EndGlobalSection
	GlobalSection(ExtensibilityGlobals) = postSolution
		SolutionGuid = {4743903F-B43F-4078-A0AC-9DF58C12167E}
	EndGlobalSection
EndGlobal
